
Microsoft Visual Studio Solution File, Format Version 12.00
# Visual Studio Version 17
VisualStudioVersion = 17.0.32112.339
MinimumVisualStudioVersion = 10.0.40219.1
Project("{FAE04EC0-301F-11D3-BF4B-00C04F79EFBC}") = "RMDataManager", "RMDataManager\RMDataManager.csproj", "{7489649C-BB10-4771-B871-9F579F588200}"
EndProject
Global
	GlobalSection(SolutionConfigurationPlatforms) = preSolution
		Debug|Any CPU = Debug|Any CPU
		Release|Any CPU = Release|Any CPU
	EndGlobalSection
	GlobalSection(ProjectConfigurationPlatforms) = postSolution
		{7489649C-BB10-4771-B871-9F579F588200}.Debug|Any CPU.ActiveCfg = Debug|Any CPU
		{7489649C-BB10-4771-B871-9F579F588200}.Debug|Any CPU.Build.0 = Debug|Any CPU
		{7489649C-BB10-4771-B871-9F579F588200}.Release|Any CPU.ActiveCfg = Release|Any CPU
		{7489649C-BB10-4771-B871-9F579F588200}.Release|Any CPU.Build.0 = Release|Any CPU
	EndGlobalSection
	GlobalSection(SolutionProperties) = preSolution
		HideSolutionNode = FALSE
	EndGlobalSection
	GlobalSection(ExtensibilityGlobals) = postSolution
		SolutionGuid = {79C6FE8C-0BCB-4A4E-8A3A-CF8B18A559B3}
	EndGlobalSection
EndGlobal
